[[package]]
category = "main"
description = "Abseil Python Common Libraries, see https://github.com/abseil/abseil-py."
name = "absl-py"
optional = false
python-versions = "*"
version = "0.7.1"

[package.dependencies]
six = "*"

[[package]]
category = "main"
description = "Read/rewrite/write Python ASTs"
name = "astor"
optional = false
python-versions = ">=2.7, !=3.0.*, !=3.1.*, !=3.2.*, !=3.3.*"
version = "0.8.0"

[[package]]
category = "main"
description = "AutoML for deep learning"
name = "autokeras"
optional = false
python-versions = "*"
version = "0.4.0"

[package.dependencies]
imageio = "2.5.0"
numpy = "1.16.1"
requests = "2.21.0"
scikit-image = "0.14.2"
scikit-learn = "0.20.2"
scipy = "1.2.0"
tensorflow = "1.13.1"
torch = "1.0.1.post2"
torchvision = "0.2.1"
tqdm = "4.31.0"

[[package]]
category = "main"
description = "Python package for providing Mozilla's CA Bundle."
name = "certifi"
optional = false
python-versions = "*"
version = "2019.6.16"

[[package]]
category = "main"
description = "Foreign Function Interface for Python calling C code."
marker = "sys_platform == \"win32\" and platform_python_implementation == \"CPython\""
name = "cffi"
optional = false
python-versions = "*"
version = "1.12.3"

[package.dependencies]
pycparser = "*"

[[package]]
category = "main"
description = "Universal encoding detector for Python 2 and 3"
name = "chardet"
optional = false
python-versions = "*"
version = "3.0.4"

[[package]]
category = "main"
description = "Composable command line interface toolkit"
name = "click"
optional = false
python-versions = ">=2.7, !=3.0.*, !=3.1.*, !=3.2.*, !=3.3.*"
version = "7.0"

[[package]]
category = "main"
description = "Extended pickling support for Python objects"
name = "cloudpickle"
optional = false
python-versions = "*"
version = "1.2.1"

[[package]]
category = "main"
description = "Composable style cycles"
name = "cycler"
optional = false
python-versions = "*"
version = "0.10.0"

[package.dependencies]
six = "*"

[[package]]
category = "main"
description = "Parallel PyData with Task Scheduling"
name = "dask"
optional = false
python-versions = ">=3.5"
version = "2.2.0"

[[package]]
category = "main"
description = "Better living through Python with decorators"
name = "decorator"
optional = false
python-versions = ">=2.6, !=3.0.*, !=3.1.*"
version = "4.4.0"

[[package]]
category = "main"
description = "A simple framework for building complex web applications."
name = "flask"
optional = false
python-versions = ">=2.7, !=3.0.*, !=3.1.*, !=3.2.*, !=3.3.*, !=3.4.*"
version = "1.1.1"

[package.dependencies]
Jinja2 = ">=2.10.1"
Werkzeug = ">=0.15"
click = ">=5.1"
itsdangerous = ">=0.24"

[[package]]
category = "main"
description = "Python AST that abstracts the underlying Python version"
name = "gast"
optional = false
python-versions = ">=2.7, !=3.0.*, !=3.1.*, !=3.2.*, !=3.3.*"
version = "0.2.2"

[[package]]
category = "main"
description = "Coroutine-based network library"
name = "gevent"
optional = false
python-versions = ">=2.7,!=3.0.*,!=3.1.*,!=3.2.*,!=3.3.*"
version = "1.4.0"

[package.dependencies]
cffi = ">=1.11.5"
greenlet = ">=0.4.14"

[[package]]
category = "main"
description = "Lightweight in-process concurrent programming"
marker = "platform_python_implementation == \"CPython\""
name = "greenlet"
optional = false
python-versions = "*"
version = "0.4.15"

[[package]]
category = "main"
description = "HTTP/2-based RPC framework"
name = "grpcio"
optional = false
python-versions = "*"
version = "1.22.0"

[package.dependencies]
six = ">=1.5.2"

[[package]]
category = "main"
description = "Read and write HDF5 files from Python"
name = "h5py"
optional = false
python-versions = "*"
version = "2.9.0"

[package.dependencies]
numpy = ">=1.7"
six = "*"

[[package]]
category = "main"
description = "Internationalized Domain Names in Applications (IDNA)"
name = "idna"
optional = false
python-versions = ">=2.7, !=3.0.*, !=3.1.*, !=3.2.*, !=3.3.*"
version = "2.8"

[[package]]
category = "main"
description = "Library for reading and writing a wide range of image, video, scientific, and volumetric data formats."
name = "imageio"
optional = false
python-versions = ">=2.7, !=3.0.*, !=3.1.*, !=3.2.*, !=3.3.*"
version = "2.5.0"

[package.dependencies]
numpy = "*"
pillow = "*"

[[package]]
category = "main"
description = "Various helpers to pass data to untrusted environments and back."
name = "itsdangerous"
optional = false
python-versions = ">=2.7, !=3.0.*, !=3.1.*, !=3.2.*, !=3.3.*"
version = "1.1.0"

[[package]]
category = "main"
description = "A small but fast and easy to use stand-alone template engine written in pure python."
name = "jinja2"
optional = false
python-versions = "*"
version = "2.10.1"

[package.dependencies]
MarkupSafe = ">=0.23"

[[package]]
category = "main"
description = "Reference implementations of popular deep learning models"
name = "keras-applications"
optional = false
python-versions = "*"
version = "1.0.8"

[package.dependencies]
h5py = "*"
numpy = ">=1.9.1"

[[package]]
category = "main"
description = "Easy data preprocessing and data augmentation for deep learning models"
name = "keras-preprocessing"
optional = false
python-versions = "*"
version = "1.1.0"

[package.dependencies]
numpy = ">=1.9.1"
six = ">=1.9.0"

[[package]]
category = "main"
description = "A fast implementation of the Cassowary constraint solver"
name = "kiwisolver"
optional = false
python-versions = ">=2.7, !=3.0.*, !=3.1.*, !=3.2.*, !=3.3.*"
version = "1.1.0"

[package.dependencies]
setuptools = "*"

[[package]]
category = "main"
description = "Python implementation of Markdown."
name = "markdown"
optional = false
python-versions = ">=2.7,!=3.0.*,!=3.1.*,!=3.2.*,!=3.3.*,!=3.4.*"
version = "3.1.1"

[package.dependencies]
setuptools = ">=36"

[[package]]
category = "main"
description = "Safely add untrusted strings to HTML/XML markup."
name = "markupsafe"
optional = false
python-versions = ">=2.7,!=3.0.*,!=3.1.*,!=3.2.*,!=3.3.*"
version = "1.1.1"

[[package]]
category = "main"
description = "Python plotting package"
name = "matplotlib"
optional = false
python-versions = ">=3.6"
version = "3.1.1"

[package.dependencies]
cycler = ">=0.10"
kiwisolver = ">=1.0.1"
numpy = ">=1.11"
pyparsing = ">=2.0.1,<2.0.4 || >2.0.4,<2.1.2 || >2.1.2,<2.1.6 || >2.1.6"
python-dateutil = ">=2.1"

[[package]]
category = "main"
description = "Rolling backport of unittest.mock for all Pythons"
name = "mock"
optional = false
python-versions = ">=2.7, !=3.0.*, !=3.1.*, !=3.2.*, !=3.3.*"
version = "3.0.5"

[package.dependencies]
six = "*"

[[package]]
category = "main"
description = "Python package for creating and manipulating graphs and networks"
name = "networkx"
optional = false
python-versions = ">=3.5"
version = "2.3"

[package.dependencies]
decorator = ">=4.3.0"

[[package]]
category = "main"
description = "NumPy is the fundamental package for array computing with Python."
name = "numpy"
optional = false
python-versions = ">=2.7,!=3.0.*,!=3.1.*,!=3.2.*,!=3.3.*"
version = "1.16.1"

[[package]]
category = "main"
description = "Python Imaging Library (Fork)"
name = "pillow"
optional = false
python-versions = ">=2.7, !=3.0.*, !=3.1.*, !=3.2.*, !=3.3.*, !=3.4.*"
version = "6.1.0"

[[package]]
category = "main"
description = "Protocol Buffers"
name = "protobuf"
optional = false
python-versions = "*"
version = "3.9.1"

[package.dependencies]
setuptools = "*"
six = ">=1.9"

[[package]]
category = "main"
description = "C parser in Python"
marker = "sys_platform == \"win32\" and platform_python_implementation == \"CPython\""
name = "pycparser"
optional = false
python-versions = ">=2.7, !=3.0.*, !=3.1.*, !=3.2.*, !=3.3.*"
version = "2.19"

[[package]]
category = "main"
description = "Python parsing module"
name = "pyparsing"
optional = false
python-versions = ">=2.6, !=3.0.*, !=3.1.*, !=3.2.*"
version = "2.4.2"

[[package]]
category = "main"
description = "Extensions to the standard Python datetime module"
name = "python-dateutil"
optional = false
python-versions = ">=2.7, !=3.0.*, !=3.1.*, !=3.2.*"
version = "2.8.0"

[package.dependencies]
six = ">=1.5"

[[package]]
category = "main"
description = "PyWavelets, wavelet transform module"
name = "pywavelets"
optional = false
python-versions = "*"
version = "1.0.3"

[package.dependencies]
numpy = ">=1.9.1"

[[package]]
category = "main"
description = "Python HTTP for Humans."
name = "requests"
optional = false
python-versions = ">=2.7, !=3.0.*, !=3.1.*, !=3.2.*, !=3.3.*"
version = "2.21.0"

[package.dependencies]
certifi = ">=2017.4.17"
chardet = ">=3.0.2,<3.1.0"
idna = ">=2.5,<2.9"
urllib3 = ">=1.21.1,<1.25"

[[package]]
category = "main"
description = "Image processing routines for SciPy"
name = "scikit-image"
optional = false
python-versions = ">=2.7"
version = "0.14.2"

[package.dependencies]
PyWavelets = ">=0.4.0"
cloudpickle = ">=0.2.1"
dask = ">=1.0.0"
matplotlib = ">=2.0.0"
networkx = ">=1.8"
pillow = ">=4.3.0"
scipy = ">=0.17.0"
six = ">=1.10.0"

[[package]]
category = "main"
description = "A set of python modules for machine learning and data mining"
name = "scikit-learn"
optional = false
python-versions = "*"
version = "0.20.2"

[package.dependencies]
numpy = ">=1.8.2"
scipy = ">=0.13.3"

[[package]]
category = "main"
description = "SciPy: Scientific Library for Python"
name = "scipy"
optional = false
python-versions = ">=2.7,!=3.0.*,!=3.1.*,!=3.2.*,!=3.3.*"
version = "1.2.0"

[package.dependencies]
numpy = ">=1.8.2"

[[package]]
category = "main"
description = "Python 2 and 3 compatibility utilities"
name = "six"
optional = false
python-versions = ">=2.6, !=3.0.*, !=3.1.*"
version = "1.12.0"

[[package]]
category = "main"
description = "TensorBoard lets you watch Tensors Flow"
name = "tensorboard"
optional = false
python-versions = ">= 2.7, != 3.0.*, != 3.1.*"
version = "1.13.1"

[package.dependencies]
absl-py = ">=0.4"
grpcio = ">=1.6.3"
markdown = ">=2.6.8"
numpy = ">=1.12.0"
protobuf = ">=3.6.0"
six = ">=1.10.0"
werkzeug = ">=0.11.15"

[package.dependencies.wheel]
python = ">=3"
version = ">=0.26"

[[package]]
category = "main"
description = "TensorFlow is an open source machine learning framework for everyone."
name = "tensorflow"
optional = false
python-versions = "*"
version = "1.13.1"

[package.dependencies]
absl-py = ">=0.1.6"
astor = ">=0.6.0"
gast = ">=0.2.0"
grpcio = ">=1.8.6"
keras-applications = ">=1.0.6"
keras-preprocessing = ">=1.0.5"
numpy = ">=1.13.3"
protobuf = ">=3.6.1"
six = ">=1.10.0"
tensorboard = ">=1.13.0,<1.14.0"
tensorflow-estimator = ">=1.13.0,<1.14.0rc0"
termcolor = ">=1.1.0"
wheel = ">=0.26"

[[package]]
category = "main"
description = "TensorFlow Estimator."
name = "tensorflow-estimator"
optional = false
python-versions = "*"
version = "1.13.0"

[package.dependencies]
absl-py = ">=0.1.6"
mock = ">=2.0.0"
numpy = ">=1.13.3"
six = ">=1.10.0"

[[package]]
category = "main"
description = "ANSII Color formatting for output in terminal."
name = "termcolor"
optional = false
python-versions = "*"
version = "1.1.0"

[[package]]
category = "main"
description = "Tensors and Dynamic neural networks in Python with strong GPU acceleration"
name = "torch"
optional = false
python-versions = "*"
version = "1.0.1.post2"

[[package]]
category = "main"
description = "image and video datasets and models for torch deep learning"
name = "torchvision"
optional = false
python-versions = "*"
version = "0.2.1"

[package.dependencies]
numpy = "*"
pillow = ">=4.1.1"
six = "*"
torch = "*"

[[package]]
category = "main"
description = "Fast, Extensible Progress Meter"
name = "tqdm"
optional = false
python-versions = ">=2.6, !=3.0.*, !=3.1.*"
version = "4.31.0"

[[package]]
category = "main"
description = "HTTP library with thread-safe connection pooling, file post, and more."
name = "urllib3"
optional = false
python-versions = ">=2.7, !=3.0.*, !=3.1.*, !=3.2.*, !=3.3.*, <4"
version = "1.24.3"

[[package]]
category = "main"
description = "The comprehensive WSGI web application library."
name = "werkzeug"
optional = false
python-versions = ">=2.7, !=3.0.*, !=3.1.*, !=3.2.*, !=3.3.*"
version = "0.15.5"

[[package]]
category = "main"
description = "A built-package format for Python."
name = "wheel"
optional = false
python-versions = ">=2.7, !=3.0.*, !=3.1.*, !=3.2.*, !=3.3.*"
version = "0.33.4"

[metadata]
content-hash = "5bbbc6da13908845ed46dec52c4c3845f9d888fce02112c5a7a090ffc207fca0"
python-versions = "^3.6"

[metadata.hashes]
absl-py = ["b943d1c567743ed0455878fcd60bc28ac9fae38d129d1ccfad58079da00b8951"]
astor = ["0e41295809baf43ae8303350e031aff81ae52189b6f881f36d623fa8b2f1960e", "37a6eed8b371f1228db08234ed7f6cfdc7817a3ed3824797e20cbb11dc2a7862"]
autokeras = ["6aaea80a03740ada04d1905c9f845166f37a2d6f227aa7201893e8b408b644ea"]
certifi = ["046832c04d4e752f37383b628bc601a7ea7211496b4638f6514d0e5b9acc4939", "945e3ba63a0b9f577b1395204e13c3a231f9bc0223888be653286534e5873695"]
cffi = ["041c81822e9f84b1d9c401182e174996f0bae9991f33725d059b771744290774", "046ef9a22f5d3eed06334d01b1e836977eeef500d9b78e9ef693f9380ad0b83d", "066bc4c7895c91812eff46f4b1c285220947d4aa46fa0a2651ff85f2afae9c90", "066c7ff148ae33040c01058662d6752fd73fbc8e64787229ea8498c7d7f4041b", "2444d0c61f03dcd26dbf7600cf64354376ee579acad77aef459e34efcb438c63", "300832850b8f7967e278870c5d51e3819b9aad8f0a2c8dbe39ab11f119237f45", "34c77afe85b6b9e967bd8154e3855e847b70ca42043db6ad17f26899a3df1b25", "46de5fa00f7ac09f020729148ff632819649b3e05a007d286242c4882f7b1dc3", "4aa8ee7ba27c472d429b980c51e714a24f47ca296d53f4d7868075b175866f4b", "4d0004eb4351e35ed950c14c11e734182591465a33e960a4ab5e8d4f04d72647", "4e3d3f31a1e202b0f5a35ba3bc4eb41e2fc2b11c1eff38b362de710bcffb5016", "50bec6d35e6b1aaeb17f7c4e2b9374ebf95a8975d57863546fa83e8d31bdb8c4", "55cad9a6df1e2a1d62063f79d0881a414a906a6962bc160ac968cc03ed3efcfb", "5662ad4e4e84f1eaa8efce5da695c5d2e229c563f9d5ce5b0113f71321bcf753", "59b4dc008f98fc6ee2bb4fd7fc786a8d70000d058c2bbe2698275bc53a8d3fa7", "73e1ffefe05e4ccd7bcea61af76f36077b914f92b76f95ccf00b0c1b9186f3f9", "a1f0fd46eba2d71ce1589f7e50a9e2ffaeb739fb2c11e8192aa2b45d5f6cc41f", "a2e85dc204556657661051ff4bab75a84e968669765c8a2cd425918699c3d0e8", "a5457d47dfff24882a21492e5815f891c0ca35fefae8aa742c6c263dac16ef1f", "a8dccd61d52a8dae4a825cdbb7735da530179fea472903eb871a5513b5abbfdc", "ae61af521ed676cf16ae94f30fe202781a38d7178b6b4ab622e4eec8cefaff42", "b012a5edb48288f77a63dba0840c92d0504aa215612da4541b7b42d849bc83a3", "d2c5cfa536227f57f97c92ac30c8109688ace8fa4ac086d19d0af47d134e2909", "d42b5796e20aacc9d15e66befb7a345454eef794fdb0737d1af593447c6c8f45", "dee54f5d30d775f525894d67b1495625dd9322945e7fee00731952e0368ff42d", "e070535507bd6aa07124258171be2ee8dfc19119c28ca94c9dfb7efd23564512", "e1ff2748c84d97b065cc95429814cdba39bcbd77c9c85c89344b317dc0d9cbff", "ed851c75d1e0e043cbf5ca9a8e1b13c4c90f3fbd863dacb01c0808e2b5204201"]
chardet = ["84ab92ed1c4d4f16916e05906b6b75a6c0fb5db821cc65e70cbd64a3e2a5eaae", "fc323ffcaeaed0e0a02bf4d117757b98aed530d9ed4531e3e15460124c106691"]
click = ["2335065e6395b9e67ca716de5f7526736bfa6ceead690adf616d925bdc622b13", "5b94b49521f6456670fdb30cd82a4eca9412788a93fa6dd6df72c94d5a8ff2d7"]
cloudpickle = ["603244e0f552b72a267d47a7d9b347b27a3430f58a0536037a290e7e0e212ecf", "b8ba7e322f2394b9bbbdc1c976e6442c2c02acc784cb9e553cee9186166a6890"]
cycler = ["1d8a5ae1ff6c5cf9b93e8811e581232ad8920aeec647c37316ceac982b08cb2d", "cd7b2d1018258d7247a71425e9f26463dfb444d411c39569972f4ce586b0c9d8"]
dask = ["82319ad6095ace27d007e9b85fe8627078c38bd50e38e8e450ca556a37edb8ab", "c0d9677b99b703737984294e82f89c333669dea8433383aad9ee783ed9c47172"]
decorator = ["86156361c50488b84a3f148056ea716ca587df2f0de1d34750d35c21312725de", "f069f3a01830ca754ba5258fde2278454a0b5b79e0d7f5c13b3b97e57d4acff6"]
flask = ["13f9f196f330c7c2c5d7a5cf91af894110ca0215ac051b5844701f2bfd934d52", "45eb5a6fd193d6cf7e0cf5d8a5b31f83d5faae0293695626f539a823e93b13f6"]
gast = ["fe939df4583692f0512161ec1c880e0a10e71e6a232da045ab8edd3756fbadf0"]
gevent = ["0774babec518a24d9a7231d4e689931f31b332c4517a771e532002614e270a64", "0e1e5b73a445fe82d40907322e1e0eec6a6745ca3cea19291c6f9f50117bb7ea", "0ff2b70e8e338cf13bedf146b8c29d475e2a544b5d1fe14045aee827c073842c", "107f4232db2172f7e8429ed7779c10f2ed16616d75ffbe77e0e0c3fcdeb51a51", "14b4d06d19d39a440e72253f77067d27209c67e7611e352f79fe69e0f618f76e", "1b7d3a285978b27b469c0ff5fb5a72bcd69f4306dbbf22d7997d83209a8ba917", "1eb7fa3b9bd9174dfe9c3b59b7a09b768ecd496debfc4976a9530a3e15c990d1", "2711e69788ddb34c059a30186e05c55a6b611cb9e34ac343e69cf3264d42fe1c", "28a0c5417b464562ab9842dd1fb0cc1524e60494641d973206ec24d6ec5f6909", "3249011d13d0c63bea72d91cec23a9cf18c25f91d1f115121e5c9113d753fa12", "44089ed06a962a3a70e96353c981d628b2d4a2f2a75ea5d90f916a62d22af2e8", "4bfa291e3c931ff3c99a349d8857605dca029de61d74c6bb82bd46373959c942", "50024a1ee2cf04645535c5ebaeaa0a60c5ef32e262da981f4be0546b26791950", "53b72385857e04e7faca13c613c07cab411480822ac658d97fd8a4ddbaf715c8", "74b7528f901f39c39cdbb50cdf08f1a2351725d9aebaef212a29abfbb06895ee", "7d0809e2991c9784eceeadef01c27ee6a33ca09ebba6154317a257353e3af922", "896b2b80931d6b13b5d9feba3d4eebc67d5e6ec54f0cf3339d08487d55d93b0e", "8d9ec51cc06580f8c21b41fd3f2b3465197ba5b23c00eb7d422b7ae0380510b0", "9f7a1e96fec45f70ad364e46de32ccacab4d80de238bd3c2edd036867ccd48ad", "ab4dc33ef0e26dc627559786a4fba0c2227f125db85d970abbf85b77506b3f51", "d1e6d1f156e999edab069d79d890859806b555ce4e4da5b6418616322f0a3df1", "d752bcf1b98174780e2317ada12013d612f05116456133a6acf3e17d43b71f05", "e5bcc4270671936349249d26140c267397b7b4b1381f5ec8b13c53c5b53ab6e1"]
greenlet = ["000546ad01e6389e98626c1367be58efa613fa82a1be98b0c6fc24b563acc6d0", "0d48200bc50cbf498716712129eef819b1729339e34c3ae71656964dac907c28", "23d12eacffa9d0f290c0fe0c4e81ba6d5f3a5b7ac3c30a5eaf0126bf4deda5c8", "37c9ba82bd82eb6a23c2e5acc03055c0e45697253b2393c9a50cef76a3985304", "51503524dd6f152ab4ad1fbd168fc6c30b5795e8c70be4410a64940b3abb55c0", "8041e2de00e745c0e05a502d6e6db310db7faa7c979b3a5877123548a4c0b214", "81fcd96a275209ef117e9ec91f75c731fa18dcfd9ffaa1c0adbdaa3616a86043", "853da4f9563d982e4121fed8c92eea1a4594a2299037b3034c3c898cb8e933d6", "8b4572c334593d449113f9dc8d19b93b7b271bdbe90ba7509eb178923327b625", "9416443e219356e3c31f1f918a91badf2e37acf297e2fa13d24d1cc2380f8fbc", "9854f612e1b59ec66804931df5add3b2d5ef0067748ea29dc60f0efdcda9a638", "99a26afdb82ea83a265137a398f570402aa1f2b5dfb4ac3300c026931817b163", "a19bf883b3384957e4a4a13e6bd1ae3d85ae87f4beb5957e35b0be287f12f4e4", "a9f145660588187ff835c55a7d2ddf6abfc570c2651c276d3d4be8a2766db490", "ac57fcdcfb0b73bb3203b58a14501abb7e5ff9ea5e2edfa06bb03035f0cff248", "bcb530089ff24f6458a81ac3fa699e8c00194208a724b644ecc68422e1111939", "beeabe25c3b704f7d56b573f7d2ff88fc99f0138e43480cecdfcaa3b87fe4f87", "d634a7ea1fc3380ff96f9e44d8d22f38418c1c381d5fac680b272d7d90883720", "d97b0661e1aead761f0ded3b769044bb00ed5d33e1ec865e891a8b128bf7c656"]
grpcio = ["03b78b4e7dcdfe3e257bb528cc93923f9cbbab6d5babf15a60d21e9a4a70b1a2", "1ce0ccfbdfe84387dbcbf44adb4ae16ec7ae70e166ffab478993eb1ea1cba3ce", "22e167a9406d73dd19ffe8ed6a485f17e6eac82505be8c108897f15e68badcbb", "31d0aeca8d8ee2301c62c5c340e0889d653b1280d68f9fa203982cb6337b050e", "44c7f99ca17ebbcc96fc54ed00b454d8313f1eac28c563098d8b901025aff941", "5471444f53f9db6a1f1f11f5dbc173228881df8446380b6b98f90afb8fd8348e", "561bca3b1bde6d6564306eb05848fd155136e9c3a25d2961129b1e2edba22fce", "5bf58e1d2c2f55365c06e8cb5abe067b88ca2e5550fb62009c41df4b54505acf", "6b7163d1e85d76b0815df63fcc310daec02b44532bb433f743142d4febcb181f", "766d79cddad95f5f6020037fe60ea8b98578afdf0c59d5a60c106c1bdd886303", "770b7372d5ca68308ff66d7baee53369fa5ce985f84bcb6aa1948c1f2f7b02f2", "7ab178da777fc0f55b6aef5a755f99726e8e4b75e3903954df07b27059b54fcf", "8078305e77c2f6649d36b24d8778096413e474d9d7892c6f92cfb589c9d71b2e", "85600b63a386d860eeaa955e9335e18dd0d7e5477e9214825abf2c2884488369", "857d9b939ae128be1c0c792eb885c7ff6a386b9dea899ac4b06f4d90a31f9d87", "87a41630c90c179fa5c593400f30a467c498972c702f348d41e19dafeb1d319e", "8805d486c6128cc0fcc8ecf16c4095d99a8693a541ef851429ab334e028a4a97", "8d71b7a89c306a41ccc7741fc9409b14f5b86727455c2a1c0c7cfcb0f784e1f2", "9e1b80bd65f8f160880cb4dad7f55697f6d37b2d7f251fc0c2128e811928f369", "9e290c84a145ae2411ee0ec9913c41cd7500e2e7485fe93632434d84ef4fda67", "9ec9f88b5bc94bd99372f27cdd53af1c92ba06717380b127733b953cfb181174", "a0a02a8b4ba6deadf706d5f849539b3685b72b186a3c9ef5d43e8972ed60fb6f", "a4059c59519f5940e01a071f74ae2a60ea8f6185b03d22a09d40c7959a36b16b", "a6e028c2a6da2ebfa2365a5b32531d311fbfec0e3600fc27e901b64f0ff7e54e", "adcdebf9f8463df4120c427cf6c9aed39258bccd03ed37b6939e7a145d64d6e0", "bdec982610259d07156a58f80b8c3e69be7751a9208bc577b059c5193d087fad", "cefc4d4251ffb73feb303d4b7e9d6c367cb60f2db16d259ea28b114045f965aa", "d4145c8aa6afbac10ad27e408f7ce15992fe89ba5d0b4abca31c0c2729864c03", "da76dc5ad719ee99de5ea28a5629ff92172cbb4a70d8a6ae3a5b7a53c7382ce1", "dde2452c08ef8b6426ccab6b5b6de9f06d836d9937d6870e68153cbf8cb49348", "e3d88091d2539a4868750914a6fe7b9ec50e42b913851fc1b77423b5bd918530", "f9c67cfe6278499d7f83559dc6322a8bbb108e307817a3d7acbfea807b3603cc"]
h5py = ["05750b91640273c69989c657eaac34b091abdd75efc8c4824c82aaf898a2da0a", "082a27208aa3a2286e7272e998e7e225b2a7d4b7821bd840aebf96d50977abbb", "08e2e8297195f9e813e894b6c63f79372582787795bba2014a2db6a2de95f713", "0dd2adeb2e9de5081eb8dcec88874e7fd35dae9a21557be3a55a3c7d491842a4", "0f94de7a10562b991967a66bbe6dda9808e18088676834c0a4dcec3fdd3bcc6f", "106e42e2e01e486a3d32eeb9ba0e3a7f65c12fa8998d63625fa41fb8bdc44cdb", "1606c66015f04719c41a9863c156fc0e6b992150de21c067444bcb82e7d75579", "1854c4beff9961e477e133143c5e5e355dac0b3ebf19c52cf7cc1b1ef757703c", "1e9fb6f1746500ea91a00193ce2361803c70c6b13f10aae9a33ad7b5bd28e800", "2cca17e80ddb151894333377675db90cd0279fa454776e0a4f74308376afd050", "30e365e8408759db3778c361f1e4e0fe8e98a875185ae46c795a85e9bafb9cdf", "3206bac900e16eda81687d787086f4ffd4f3854980d798e191a9868a6510c3ae", "3c23d72058647cee19b30452acc7895621e2de0a0bd5b8a1e34204b9ea9ed43c", "407b5f911a83daa285bbf1ef78a9909ee5957f257d3524b8606be37e8643c5f0", "4162953714a9212d373ac953c10e3329f1e830d3c7473f2a2e4f25dd6241eef0", "5fc7aba72a51b2c80605eba1c50dbf84224dcd206279d30a75c154e5652e1fe4", "713ac19307e11de4d9833af0c4bd6778bde0a3d967cafd2f0f347223711c1e31", "71b946d80ef3c3f12db157d7778b1fe74a517ca85e94809358b15580983c2ce2", "8cc4aed71e20d87e0a6f02094d718a95252f11f8ed143bc112d22167f08d4040", "9d41ca62daf36d6b6515ab8765e4c8c4388ee18e2a665701fef2b41563821002", "a744e13b000f234cd5a5b2a1f95816b819027c57f385da54ad2b7da1adace2f3", "b087ee01396c4b34e9dc41e3a6a0442158206d383c19c7d0396d52067b17c1cb", "b0f03af381d33306ce67d18275b61acb4ca111ced645381387a02c8a5ee1b796", "b9e4b8dfd587365bdd719ae178fa1b6c1231f81280b1375eef8626dfd8761bf3", "c5dd4ec75985b99166c045909e10f0534704d102848b1d9f0992720e908928e7", "d2b82f23cd862a9d05108fe99967e9edfa95c136f532a71cb3d28dc252771f50", "e58a25764472af07b7e1c4b10b0179c8ea726446c7141076286e41891bf3a563", "f3b49107fbfc77333fc2b1ef4d5de2abcd57e7ea3a1482455229494cf2da56ce"]
idna = ["c357b3f628cf53ae2c4c05627ecc484553142ca23264e593d327bcde5e9c3407", "ea8b7f6188e6fa117537c3df7da9fc686d485087abf6ac197f9c46432f7e4a3c"]
imageio = ["1a2bbbb7cd38161340fa3b14d806dfbf914abf3ee6fd4592af2afb87d049f209", "42e65aadfc3d57a1043615c92bdf6319b67589e49a0aae2b985b82144aceacad"]
itsdangerous = ["321b033d07f2a4136d3ec762eac9f16a10ccd60f53c0c91af90217ace7ba1f19", "b12271b2047cb23eeb98c8b5622e2e5c5e9abd9784a153e9d8ef9cb4dd09d749"]
jinja2 = ["065c4f02ebe7f7cf559e49ee5a95fb800a9e4528727aec6f24402a5374c65013", "14dd6caf1527abb21f08f86c784eac40853ba93edb79552aa1e4b8aef1b61c7b"]
keras-applications = ["5579f9a12bcde9748f4a12233925a59b93b73ae6947409ff34aa2ba258189fe5", "df4323692b8c1174af821bf906f1e442e63fa7589bf0f1230a0b6bdc5a810c95"]
keras-preprocessing = ["44aee5f2c4d80c3b29f208359fcb336df80f293a0bb6b1c738da43ca206656fb", "5a8debe01d840de93d49e05ccf1c9b81ae30e210d34dacbcc47aeb3049b528e5"]
kiwisolver = ["05b5b061e09f60f56244adc885c4a7867da25ca387376b02c1efc29cc16bcd0f", "26f4fbd6f5e1dabff70a9ba0d2c4bd30761086454aa30dddc5b52764ee4852b7", "3b2378ad387f49cbb328205bda569b9f87288d6bc1bf4cd683c34523a2341efe", "400599c0fe58d21522cae0e8b22318e09d9729451b17ee61ba8e1e7c0346565c", "47b8cb81a7d18dbaf4fed6a61c3cecdb5adec7b4ac292bddb0d016d57e8507d5", "53eaed412477c836e1b9522c19858a8557d6e595077830146182225613b11a75", "58e626e1f7dfbb620d08d457325a4cdac65d1809680009f46bf41eaf74ad0187", "5a52e1b006bfa5be04fe4debbcdd2688432a9af4b207a3f429c74ad625022641", "5c7ca4e449ac9f99b3b9d4693debb1d6d237d1542dd6a56b3305fe8a9620f883", "682e54f0ce8f45981878756d7203fd01e188cc6c8b2c5e2cf03675390b4534d5", "79bfb2f0bd7cbf9ea256612c9523367e5ec51d7cd616ae20ca2c90f575d839a2", "7f4dd50874177d2bb060d74769210f3bce1af87a8c7cf5b37d032ebf94f0aca3", "8944a16020c07b682df861207b7e0efcd2f46c7488619cb55f65882279119389", "8aa7009437640beb2768bfd06da049bad0df85f47ff18426261acecd1cf00897", "939f36f21a8c571686eb491acfffa9c7f1ac345087281b412d63ea39ca14ec4a", "9733b7f64bd9f807832d673355f79703f81f0b3e52bfce420fc00d8cb28c6a6c", "a02f6c3e229d0b7220bd74600e9351e18bc0c361b05f29adae0d10599ae0e326", "a0c0a9f06872330d0dd31b45607197caab3c22777600e88031bfe66799e70bb0", "acc4df99308111585121db217681f1ce0eecb48d3a828a2f9bbf9773f4937e9e", "b64916959e4ae0ac78af7c3e8cef4becee0c0e9694ad477b4c6b3a536de6a544", "d3fcf0819dc3fea58be1fd1ca390851bdb719a549850e708ed858503ff25d995", "d52e3b1868a4e8fd18b5cb15055c76820df514e26aa84cc02f593d99fef6707f", "db1a5d3cc4ae943d674718d6c47d2d82488ddd94b93b9e12d24aabdbfe48caee", "e3a21a720791712ed721c7b95d433e036134de6f18c77dbe96119eaf7aa08004", "e8bf074363ce2babeb4764d94f8e65efd22e6a7c74860a4f05a6947afc020ff2", "f16814a4a96dc04bf1da7d53ee8d5b1d6decfc1a92a63349bb15d37b6a263dd9", "f2b22153870ca5cf2ab9c940d7bc38e8e9089fa0f7e5856ea195e1cf4ff43d5a", "f790f8b3dff3d53453de6a7b7ddd173d2e020fb160baff578d578065b108a05f"]
markdown = ["2e50876bcdd74517e7b71f3e7a76102050edec255b3983403f1a63e7c8a41e7a", "56a46ac655704b91e5b7e6326ce43d5ef72411376588afa1dd90e881b83c7e8c"]
markupsafe = ["00bc623926325b26bb9605ae9eae8a215691f33cae5df11ca5424f06f2d1f473", "09027a7803a62ca78792ad89403b1b7a73a01c8cb65909cd876f7fcebd79b161", "09c4b7f37d6c648cb13f9230d847adf22f8171b1ccc4d5682398e77f40309235", "1027c282dad077d0bae18be6794e6b6b8c91d58ed8a8d89a89d59693b9131db5", "24982cc2533820871eba85ba648cd53d8623687ff11cbb805be4ff7b4c971aff", "29872e92839765e546828bb7754a68c418d927cd064fd4708fab9fe9c8bb116b", "43a55c2930bbc139570ac2452adf3d70cdbb3cfe5912c71cdce1c2c6bbd9c5d1", "46c99d2de99945ec5cb54f23c8cd5689f6d7177305ebff350a58ce5f8de1669e", "500d4957e52ddc3351cabf489e79c91c17f6e0899158447047588650b5e69183", "535f6fc4d397c1563d08b88e485c3496cf5784e927af890fb3c3aac7f933ec66", "62fe6c95e3ec8a7fad637b7f3d372c15ec1caa01ab47926cfdf7a75b40e0eac1", "6dd73240d2af64df90aa7c4e7481e23825ea70af4b4922f8ede5b9e35f78a3b1", "717ba8fe3ae9cc0006d7c451f0bb265ee07739daf76355d06366154ee68d221e", "79855e1c5b8da654cf486b830bd42c06e8780cea587384cf6545b7d9ac013a0b", "7c1699dfe0cf8ff607dbdcc1e9b9af1755371f92a68f706051cc8c37d447c905", "88e5fcfb52ee7b911e8bb6d6aa2fd21fbecc674eadd44118a9cc3863f938e735", "8defac2f2ccd6805ebf65f5eeb132adcf2ab57aa11fdf4c0dd5169a004710e7d", "98c7086708b163d425c67c7a91bad6e466bb99d797aa64f965e9d25c12111a5e", "9add70b36c5666a2ed02b43b335fe19002ee5235efd4b8a89bfcf9005bebac0d", "9bf40443012702a1d2070043cb6291650a0841ece432556f784f004937f0f32c", "ade5e387d2ad0d7ebf59146cc00c8044acbd863725f887353a10df825fc8ae21", "b00c1de48212e4cc9603895652c5c410df699856a2853135b3967591e4beebc2", "b1282f8c00509d99fef04d8ba936b156d419be841854fe901d8ae224c59f0be5", "b2051432115498d3562c084a49bba65d97cf251f5a331c64a12ee7e04dacc51b", "ba59edeaa2fc6114428f1637ffff42da1e311e29382d81b339c1817d37ec93c6", "c8716a48d94b06bb3b2524c2b77e055fb313aeb4ea620c8dd03a105574ba704f", "cd5df75523866410809ca100dc9681e301e3c27567cf498077e8551b6d20e42f", "e249096428b3ae81b08327a63a485ad0878de3fb939049038579ac0ef61e17e7"]
matplotlib = ["1febd22afe1489b13c6749ea059d392c03261b2950d1d45c17e3aed812080c93", "31a30d03f39528c79f3a592857be62a08595dec4ac034978ecd0f814fa0eec2d", "4442ce720907f67a79d45de9ada47be81ce17e6c2f448b3c64765af93f6829c9", "796edbd1182cbffa7e1e7a97f1e141f875a8501ba8dd834269ae3cd45a8c976f", "934e6243df7165aad097572abf5b6003c77c9b6c480c3c4de6f2ef1b5fdd4ec0", "bab9d848dbf1517bc58d1f486772e99919b19efef5dd8596d4b26f9f5ee08b6b", "c1fe1e6cdaa53f11f088b7470c2056c0df7d80ee4858dadf6cbe433fcba4323b", "e5b8aeca9276a3a988caebe9f08366ed519fff98f77c6df5b64d7603d0e42e36", "ec6bd0a6a58df3628ff269978f4a4b924a0d371ad8ce1f8e2b635b99e482877a"]
mock = ["83657d894c90d5681d62155c82bda9c1187827525880eda8ff5df4ec813437c3", "d157e52d4e5b938c550f39eb2fd15610db062441a9c2747d3dbfa9298211d0f8"]
networkx = ["8311ddef63cf5c5c5e7c1d0212dd141d9a1fe3f474915281b73597ed5f1d4e3d"]
numpy = ["0cdbbaa30ae69281b18dd995d3079c4e552ad6d5426977f66b9a2a95f11f552a", "2b0cca1049bd39d1879fa4d598624cafe82d35529c72de1b3d528d68031cdd95", "31d3fe5b673e99d33d70cfee2ea8fe8dccd60f265c3ed990873a88647e3dd288", "34dd4922aab246c39bf5df03ca653d6265e65971deca6784c956bf356bca6197", "384e2dfa03da7c8d54f8f934f61b6a5e4e1ebb56a65b287567629d6c14578003", "392e2ea22b41a22c0289a88053204b616181288162ba78e6823e1760309d5277", "4341a39fc085f31a583be505eabf00e17c619b469fef78dc7e8241385bfddaa4", "45080f065dcaa573ebecbfe13cdd86e8c0a68c4e999aa06bd365374ea7137706", "485cb1eb4c9962f4cd042fed9424482ec1d83fee5dc2ef3f2552ac47852cb259", "575cefd28d3e0da85b0864506ae26b06483ee4a906e308be5a7ad11083f9d757", "62784b35df7de7ca4d0d81c5b6af5983f48c5cdef32fc3635b445674e56e3266", "69c152f7c11bf3b4fc11bc4cc62eb0334371c0db6844ebace43b7c815b602805", "6ccfdcefd287f252cf1ea7a3f1656070da330c4a5658e43ad223269165cdf977", "7298fbd73c0b3eff1d53dc9b9bdb7add8797bb55eeee38c8ccd7906755ba28af", "79463d918d1bf3aeb9186e3df17ddb0baca443f41371df422f99ee94f4f2bbfe", "8bbee788d82c0ac656536de70e817af09b7694f5326b0ef08e5c1014fcb96bb3", "a863957192855c4c57f60a75a1ac06ce5362ad18506d362dd807e194b4baf3ce", "ae602ba425fb2b074e16d125cdce4f0194903da935b2e7fe284ebecca6d92e76", "b13faa258b20fa66d29011f99fdf498641ca74a0a6d9266bc27d83c70fea4a6a", "c2c39d69266621dd7464e2bb740d6eb5abc64ddc339cc97aa669f3bb4d75c103", "e9c88f173d31909d881a60f08a8494e63f1aff2a4052476b24d4f50e82c47e24", "f1a29267ac29fff0913de0f11f3a9edfcd3f39595f467026c29376fad243ebe3", "f69dde0c5a137d887676a8129373e44366055cf19d1b434e853310c7a1e68f93"]
pillow = ["0804f77cb1e9b6dbd37601cee11283bba39a8d44b9ddb053400c58e0c0d7d9de", "0ab7c5b5d04691bcbd570658667dd1e21ca311c62dcfd315ad2255b1cd37f64f", "0b3e6cf3ea1f8cecd625f1420b931c83ce74f00c29a0ff1ce4385f99900ac7c4", "0c6ce6ae03a50b0306a683696234b8bc88c5b292d4181ae365b89bd90250ab08", "1454ee7297a81c8308ad61d74c849486efa1badc543453c4b90db0bf99decc1c", "23efd7f83f2ad6036e2b9ef27a46df7e333de1ad9087d341d87e12225d0142b2", "365c06a45712cd723ec16fa4ceb32ce46ad201eb7bbf6d3c16b063c72b61a3ed", "38301fbc0af865baa4752ddae1bb3cbb24b3d8f221bf2850aad96b243306fa03", "3aef1af1a91798536bbab35d70d35750bd2884f0832c88aeb2499aa2d1ed4992", "3c86051d41d1c8b28b9dde08ac93e73aa842991995b12771b0af28da49086bbf", "3fe0ab49537d9330c9bba7f16a5f8b02da615b5c809cdf7124f356a0f182eccd", "406c856e0f6fc330322a319457d9ff6162834050cda2cf1eaaaea4b771d01914", "45a619d5c1915957449264c81c008934452e3fd3604e36809212300b2a4dab68", "49f90f147883a0c3778fd29d3eb169d56416f25758d0f66775db9184debc8010", "504f5334bfd974490a86fef3e3b494cd3c332a8a680d2f258ca03388b40ae230", "51fe9cfcd32c849c6f36ca293648f279fc5097ca8dd6e518b10df3a6a9a13431", "571b5a758baf1cb6a04233fb23d6cf1ca60b31f9f641b1700bfaab1194020555", "5ac381e8b1259925287ccc5a87d9cf6322a2dc88ae28a97fe3e196385288413f", "6052a9e9af4a9a2cc01da4bbee81d42d33feca2bde247c4916d8274b12bb31a4", "6153db744a743c0c8c91b8e3b9d40e0b13a5d31dbf8a12748c6d9bfd3ddc01ad", "6fd63afd14a16f5d6b408f623cc2142917a1f92855f0df997e09a49f0341be8a", "70acbcaba2a638923c2d337e0edea210505708d7859b87c2bd81e8f9902ae826", "70b1594d56ed32d56ed21a7fbb2a5c6fd7446cdb7b21e749c9791eac3a64d9e4", "76638865c83b1bb33bcac2a61ce4d13c17dba2204969dedb9ab60ef62bede686", "7b2ec162c87fc496aa568258ac88631a2ce0acfe681a9af40842fc55deaedc99", "7b403ea842b70c4fa0a4969a5d8d86e932c941095b7cda077ea68f7b98ead30b", "7be698a28175eae5354da94f5f3dc787d5efae6aca7ad1f286a781afde6a27dd", "7cee2cef07c8d76894ebefc54e4bb707dfc7f258ad155bd61d87f6cd487a70ff", "7d16d4498f8b374fc625c4037742fbdd7f9ac383fd50b06f4df00c81ef60e829", "82840783842b27933cc6388800cb547f31caf436f7e23384d456bdf5fc8dfe49", "8755e600b33f4e8c76a590b42acc35d24f4dc801a5868519ce569b9462d77598", "9159285ab4030c6f85e001468cb5886de05e6bd9304e9e7d46b983f7d2fad0cc", "b50bc1780681b127e28f0075dfb81d6135c3a293e0c1d0211133c75e2179b6c0", "b5aa19f1da16b4f5e47b6930053f08cba77ceccaed68748061b0ec24860e510c", "bd0582f831ad5bcad6ca001deba4568573a4675437db17c4031939156ff339fa", "cdd53acd3afb9878a2289a1b55807871f9877c81174ae0d3763e52f907131d25", "cfd40d8a4b59f7567620410f966bb1f32dc555b2b19f82a91b147fac296f645c", "e150c5aed6e67321edc6893faa6701581ca2d393472f39142a00e551bcd249a5", "e3ae410089de680e8f84c68b755b42bc42c0ceb8c03dbea88a5099747091d38e", "e403b37c6a253ebca5d0f2e5624643997aaae529dc96299162418ef54e29eb70", "e9046e559c299b395b39ac7dbf16005308821c2f24a63cae2ab173bd6aa11616", "ef6be704ae2bc8ad0ebc5cb850ee9139493b0fc4e81abcc240fb392a63ebc808", "f8dc19d92896558f9c4317ee365729ead9d7bbcf2052a9a19a3ef17abbb8ac5b"]
protobuf = ["00a1b0b352dc7c809749526d1688a64b62ea400c5b05416f93cfb1b11a036295", "01acbca2d2c8c3f7f235f1842440adbe01bbc379fa1cbdd80753801432b3fae9", "0a795bca65987b62d6b8a2d934aa317fd1a4d06a6dd4df36312f5b0ade44a8d9", "0ec035114213b6d6e7713987a759d762dd94e9f82284515b3b7331f34bfaec7f", "31b18e1434b4907cb0113e7a372cd4d92c047ce7ba0fa7ea66a404d6388ed2c1", "32a3abf79b0bef073c70656e86d5bd68a28a1fbb138429912c4fc07b9d426b07", "55f85b7808766e5e3f526818f5e2aeb5ba2edcc45bcccede46a3ccc19b569cb0", "64ab9bc971989cbdd648c102a96253fdf0202b0c38f15bd34759a8707bdd5f64", "64cf847e843a465b6c1ba90fb6c7f7844d54dbe9eb731e86a60981d03f5b2e6e", "917c8662b585470e8fd42f052661fc66d59fccaae450a60044307dcbf82a3335", "afed9003d7f2be2c3df20f64220c30faec441073731511728a2cb4cab4cd46a6", "b883d7eb129b1b57c5128146bc7c2d1f15de457e96a549827fbee6f26eeedc46", "bf8e05d638b585d1752c5a84247134a0350d3a8b73d3632489a014a9f6f1e758", "d831b047bd69becaf64019a47179eb22118a50dd008340655266a906c69c6417", "de2760583ed28749ff885789c1cbc6c9c06d6de92fc825740ab99deb2f25ea4d", "eabc4cf1bc19689af8022ba52fd668564a8d96e0d08f3b4732d26a64255216a4", "fcff6086c86fb1628d94ea455c7b9de898afc50378042927a59df8065a79a549"]
pycparser = ["a988718abfad80b6b157acce7bf130a30876d27603738ac39f140993246b25b3"]
pyparsing = ["6f98a7b9397e206d78cc01df10131398f1c8b8510a2f4d97d9abd82e1aacdd80", "d9338df12903bbf5d65a0e4e87c2161968b10d2e489652bb47001d82a9b028b4"]
python-dateutil = ["7e6584c74aeed623791615e26efd690f29817a27c73085b78e4bad02493df2fb", "c89805f6f4d64db21ed966fda138f8a5ed7a4fdbc1a8ee329ce1b74e3c74da9e"]
pywavelets = ["18b193b67937e805a8e79c036bd2aa4ea3a357737256efeefdabd19c95083c3b", "1d7ba03baa81938b17d4819db36f018e680d929af329062af4d4b6d6236d02ba", "21f39d86cc35e003576fc1400b15534e2999570418fcdb17ea62d1ff8773b076", "250412f482d5cb358b7ec323b2a783d91e5cfc337fdf8fde3c59bf2c35d6366f", "25c0c592bf43eaffb4d3c6b6444b14c7407db750b6f2d344d809d4af934319d9", "2f2cdd96e4882b0c18e75cc90c4710de429ac226ce53b58a90c7420e3e307631", "3abed8dcd3e94ead72ee8010b494df5a9bdbdd5e39129d52fbf8066efa323a51", "3e99ab8feeb47755738fb8deb8154c9604c4a7996b1b7db6b090475105ca7c92", "64926c4c78dd690ec0d61be20f7c27cfbde6de9fa66ab8205eb079d9db6927fc", "687ec8877c10e3a03595ad167d1ea2662bc1ab13ef43d63a6e207a53b2ee4c26", "6af0077c7a4c9935aa64301f6942468b494656b8812e801d4a635cf42088f96c", "7215856a5d2e1a2dccca1f71d912ee6a7387086f3b3adcb55d7c41314c6abb0c", "9e47b241533add77961093b1e40cfff031597d429e91ad7c675838be0f7cc0df", "9e782f49dca57bc0fd2a40c0917949d77be2ecc999ccd44fff57fb10aa214135", "a12c7a6258c0015d2c75d88b87393ee015494551f049009e8b63eafed2d78efc", "a5027d47484498e70391b311a2688c4f74294de629b982ed17be57be4c77ade7", "ab02363467ee3cb222c5b425bc53453270ddae72bce313e72fd14616692d725a", "adc79308c65a2007bdbd5846fda70088e7ead0ef0a5a6f44d08829e9478a907f", "afaaee392450785a346d9e5e5f6e5307b13958d8b0633818632cb38972a7752a", "b26b836c7f71df7b2779e62d1338367cfe37b98324e9b0d54b428ac030e3d1f0", "b9adbc27d70a2626c235a18b41315de2832c384651d03383db7a58c2a2bccc6f", "bd6e62efb7839fd6bf894b7b9aec6d58be0c44a38ea0c9f3c5bea834d84d05eb", "de083a3a71576a9c3d8ba73b6f0425e4690d6ac6e480562f30bec5cb20667324", "e89551257233a3da717a9e6e2e303243df75faffe0b6781d21c15eb9d682ec6d", "eafb7d609c41a04028144f4b6697792f448554960ef353244aaf0a5883263543", "fb3ee9f65d25ee5c89104e533d5f341c253cdb9543ef6fcd6dfa599b12e84f1c"]
requests = ["502a824f31acdacb3a35b6690b5fbf0bc41d63a24a45c4004352b0242707598e", "7bf2a778576d825600030a110f3c0e3e8edc51dfaafe1c146e39a2027784957b"]
scikit-image = ["0bbcb1e8b70a3e908213c6f0cbae5a7c46dfa90a55afa53406b2627bc02642f1", "1afd0b84eefd77afd1071c5c1c402553d67be2d7db8950b32d6f773f25850c1f", "292aaca5612daf247c0fefbc07752dca09ecb4bb0ae5c9fce9775f933c39fc78", "297a5e4fd78df284378ff3cc7a5eadf4e9e5e8c24190c9314ef4b8e2b2e34582", "3558b56d507025a3cddc839c0a7e079751fe48d567314edec1d70b436013aefe", "52e9b7ee351a0a7be7734eaff30c19704d5d5c637c2c225b09c32b2375aa69b0", "62639c1bcc635e73da57d4a15b6e50d60ec647a94ab9b465ddbfa0a1135bcc0a", "8b904131b93f4cddc83e4c9b7251fa7fd7e61dfd639876ca5ba9fb50e2c654ec", "8d189de98a44cc8feaddd1fdc19b6c3bb980b56da5c5a3e62f245d9ac19dd62a", "9744f4b271f113a47d5c21123fc3f5cac6048b3e281a9f23ae3cbd2ea080a329", "9c6d077daa9e5927fd8f56be5ca6ea80cc9e91bf268c08ca40a5551c8c6fa30c", "9fea2f5ef5abe3f2b45b4add07f7a519cf07582443c00ce800b6f3974b0a2505", "a5cf80a2fc77d7f7c093496b2149a2637f61b245c7ad62bbbda1c97b6bc23f05", "c1954d029a81a066f32619294e6b5201bf2a071fe0689d369bbe52f64d17f260", "c580d160f685d2092da3bb3355e1be56063484a6d592d317092d1e8a060992eb", "ca8a86a4ee07176603bc840e660f7b752d33ec1d046e6241ddab3c736430f993", "cef36283eba8a721cac12e73b0640e80d2fad246b7e99c10717857756e883028", "da1b993d0e9b2a3c89a192c96b4ab4bb8c13aee384153ff6eccd49c55a4726cd", "e2ee7648867202b4b65660649bece5eae359623922882e43014e13ddd0eded20", "eb5fa4443c7cfc502d1261d3a4ac61a45b139fc8055338c8fdd487ddb3bfd95d"]
scikit-learn = ["05d061606657af85365b5f71484e3362d924429edde17a90068960843ad597f5", "071317afbb5c67fa493635376ddd724b414290255cbf6947c1155846956e93f7", "0d03aaf19a25e59edac3099cda6879ba05129f0fa1e152e23b728ccd36104f57", "1665ea0d4b75ef24f5f2a9d1527b7296eeabcbe3a1329791c954541e2ebde5a2", "24eccb0ff31f84e88e00936c09197735ef1dcabd370aacb10e55dbc8ee464a78", "27b48cabacce677a205e6bcda1f32bdc968fbf40cd2aa0a4f52852f6997fce51", "2c51826b9daa87d7d356bebd39f8665f7c32e90e3b21cbe853d6c7f0d6b0d23b", "3116299d392bd1d054655fa2a740e7854de87f1d573fa85503e64494e52ac795", "3771861abe1fd1b2bbeaec7ba8cfca58fdedd75d790f099960e5332af9d1ff7a", "473ba7d9a5eaec47909ee83d74b4a3be47a44505c5189d2cab67c0418cd030f1", "621e2c91f9afde06e9295d128cb15cb6fc77dc00719393e9ec9d47119895b0d4", "645865462c383e5faad473b93145a8aee97d839c9ad1fd7a17ae54ec8256d42b", "80e2276d4869d302e84b7c03b5bac4a67f6cd331162e62ae775a3e5855441a60", "84d2cfe0dee3c22b26364266d69850e0eb406d99714045929875032f91d3c918", "87ea9ace7fe811638dfc39b850b60887509b8bfc93c4006d5552fa066d04ddc7", "a4d1e535c75881f668010e6e53dfeb89dd50db85b05c5c45af1991c8b832d757", "a4f14c4327d2e44567bfb3a0bee8c55470f820bc9a67af3faf200abd8ed79bf2", "a7b3c24e193e8c6eaeac075b5d0bb0a7fea478aa2e4b991f6a7b030fc4fd410d", "ab2919aca84f1ac6ef60a482148eec0944364ab1832e63f28679b16f9ef279c8", "b0f79d5ff74f3c68a4198ad5b4dfa891326b5ce272dd064d11d572b25aae5b43", "bc5bc7c7ee2572a1edcb51698a6caf11fae554194aaab9a38105d9ec419f29e6", "bc5c750d548795def79576533f8f0f065915f17f48d6e443afce2a111f713747", "c68969c30b3b2c1fe07c1376110928eade61da4fc29c24c9f1a89435a7d08abe", "d3b4f791d2645fe936579d61f1ff9b5dcf0c8f50db7f0245ca8f16407d7a5a46", "dac0cd9fdd8ac6dd6108a10558e2e0ca1b411b8ea0a3165641f9ab0b4322df4e", "eb7ddbdf33eb822fdc916819b0ab7009d954eb43c3a78e7dd2ec5455e074922a", "ed537844348402ed53420187b3a6948c576986d0b2811a987a49613b6a26f29e", "fcca54733e692fe03b8584f7d4b9344f4b6e3a74f5b326c6e5f5e9d2504bdce7"]
scipy = ["02cb79ea38114dc480e9b08d6b87095728e8fb39b9a49b449ee443d678001611", "03c827cdbc584e935264040b958e5fa0570a16095bee23a013482ba3f0e963a2", "04f2b23258139c109d0524f111597dd095a505d9cb2c71e381d688d653877fa3", "3132a9fab3f3545c8b0ba15688d11857efdd4a58d388d3785dc474f56fea7138", "4b1f0883cb9d8ee963cf0a31c87341e9e758abb2cf1e5bcc0d7b066ef6b17573", "4cce25c6e7ff7399c67dfe1b5423c36c391cf9b4b2be390c1675ab410f1ef503", "51a2424c8ed80e60bdb9a896806e7adaf24a58253b326fbad10f80a6d06f2214", "5706b785ca289fdfd91aa05066619e51d140613b613e35932601f2315f5d8470", "58f0435f052cb60f1472c77f52a8f6642f8877b70559e5e0b9a1744f33f5cbe5", "63e1d5ca9e5e1984f1a275276991b036e25d39d37dd7edbb3f4f6165c2da7dbb", "64b2c35824da3ef6bb1e722216e4ef28802af6413c7586136500e343d34ba179", "6f791987899532305126309578727c0197bddbafab9596bafe3e7bfab6e1ce13", "72bd766f753fd32f072d30d7bc2ad492d56dbcbf3e13764e27635d5c41079339", "7413080b381766a22d52814edb65631f0e323a7cea945c70021a672f38acc73f", "78a67ee4845440e81cfbfabde20537ca12051d0eeac951fe4c6d8751feac3103", "7994c044bf659b0a24ad7673ec7db85c2fadb87e4980a379a9fd5b086fe3649a", "7dc4002f0a0a688774ef04878afe769ecd1ac21fe9b4b1d7125e2cf16170afd3", "854bd87cc23824d5db4983956bc30f3790e1c7448f1a9e6a8fb7bff7601aef87", "8608316d0cc01f8b25111c8adfe6efbc959cbba037a62c784551568d7ffbf280", "8f5fcc87b48fc3dd6d901669c89af4feeb856dffb6f671539a238b7e8af1799c", "937147086e8b4338bf139ca8fa98da650e3a46bf2ca617f8e9dd68c3971ec420", "bc294841f6c822714af362095b181a853f47ed5ce757354bd2e4776d579ff3a4", "bc6a88b0009a1b60eab5c22ac3a006f6968d6328de10c6a64ebb0d64a05548d3", "c5eae911cf26b3c7eda889ec98d3c226f312c587acfaaf02602473f98b4c16d6", "cca33a01a5987c650b87a1a910aa311ffa44e67cca1ff502ef9efdae5d9a8624", "d1ae77b79fd5e27a10ba7c4e7c3a62927b9d29a4dccf28f6905c25d983aaf183", "fb36064047e6bf87b6320a9b6eb7f525ef6863c7a4aef1a84a4bbfb043612617", "fc1a19d95649439dbd50baca676bceb29bbfcd600aed2c5bd71d9bad82a87cfe"]
six = ["3350809f0555b11f552448330d0b52d5f24c91a322ea4a15ef22629740f3761c", "d16a0141ec1a18405cd4ce8b4613101da75da0e9a7aec5bdd4fa804d0e0eba73"]
tensorboard = ["53d8f40589c903dae65f39a799c2bc49defae3703754984d90613d26ebd714a4", "b664fe7772be5670d8b04200342e681af7795a12cd752709aed565c06c0cc196"]
tensorflow = ["0de5887495c20e1130ae4d9bcfaf80cec87f579a9c27a84141a588a46e5aa853", "0f305f3c461ed2ce5e0b65fccc7b7452f483c7935dd8a52a466d622e642fdea8", "4325f20b5a703b80a5f7a8807f07ad8735025bd2a947093ffff1c26fbdc7980b", "4c86be0e476b64cedf4ffa059d71b764e75b895effb697345687e3057929a7b5", "6b0a0a413390302ce7c22c98695983d6fb8406861cfb418b25536f57a96c0b89", "77eec2351d0a9b5312ea01ee4c78c13996f249cf1bead2e68256a65e533f45ef", "87bf719a564f11d63e4f614e933e5a612dd4e67c88266b774236e0982f5fcf69", "ba29e66331cd2a8f824e0fa937ce44bd624bc37739f2f083694e473051d89ace", "bc374f5a662b6e164cd1c4da61ccc752ec208a44893d2f9dcf47d2a0a2cef311", "bcf86966b7554e407bb7d73341f2e108df62a910d40b4cd2a914867f2a5de51c", "c3abffd51c168cfd62a557243c47a29ab48deb52a64465e6818060f20755ddb4", "c41862c65628261229db22e33f9e570d845eeb5cea66dcbaebe404405edaa69b", "d7341617aedd73c2c847755e87697e9c19eb625c73da26d6cd669220c5565119", "de0425b58cb34006e4500565239b4c3a3055b95bff132f097fa46c87d8e463c9", "f21fb65c8e874f40c654bc9b3ff3db3ec26f98f03fe64a541bc768f6f5c52ac2"]
tensorflow-estimator = ["7cfdaa3e83e3532f31713713feb98be7ea9f3065722be4267e49b6c301271419"]
termcolor = ["1d6d69ce66211143803fbc56652b41d73b4a400a2891d7bf7a1cdf4c02de613b"]
torch = ["2e04bcc8b6536ba01a924cbcfb9eff2428be6c9cc73956df38dfcf63c948fbf5", "40ad926ebdef6db70811102ae1448584a0c338a2fce2ff718533b9016664398e", "43e40d9cf70d038fe9a9c06eaadf3f39756fe76a530a0bd1dec9f21654ee5851", "639e9414cd3a787c807206199bf3285815a41fac9b2e20aca0db9a971db5399e", "652b70751bbe974370feff27f51b6cd7856c14a57eb06fdd1c9f2dfcc2731401", "7822918f3d32a99db2bb5616a5c28d989d6e4b6a54d720cb25e60551dacafa1e", "96fd5e8ffc117f79d1baaa65da601d35411f341d90d8ca1204236925f164b043", "a002d509e98a3ea17f45affc5c440808d7ac119d7510bb27da7b184aafb59943", "c8dd2478d3e8c0da293c618be60432bb166fe36c50663e26b1fe9e7123365fe5"]
torchvision = ["ba0a5e7fa1646d4e7f2e5ad5802d123e17e42a1a9c026d0f79d2fd3a976afba1"]
tqdm = ["0afdeed003aef471a6bb50393aa062756a5f7be8375d8b8d28b7ce1268915543", "a6f9943579f7f3ad15b3b974842b8692374eac23347cedca7befeebaa9db4c47"]
urllib3 = ["2393a695cd12afedd0dcb26fe5d50d0cf248e5a66f75dbd89a3d4eb333a61af4", "a637e5fae88995b256e3409dc4d52c2e2e0ba32c42a6365fee8bbd2238de3cfb"]
werkzeug = ["87ae4e5b5366da2347eb3116c0e6c681a0e939a33b2805e2c0cbd282664932c4", "a13b74dd3c45f758d4ebdb224be8f1ab8ef58b3c0ffc1783a8c7d9f4f50227e6"]
wheel = ["5e79117472686ac0c4aef5bad5172ea73a1c2d1646b808c35926bd26bdfb0c08", "62fcfa03d45b5b722539ccbc07b190e4bfff4bb9e3a4d470dd9f6a0981002565"]
